
Microsoft Visual Studio Solution File, Format Version 12.00
# Visual Studio Version 17
VisualStudioVersion = 17.7.34202.233
MinimumVisualStudioVersion = 10.0.40219.1
Project("{FAE04EC0-301F-11D3-BF4B-00C04F79EFBC}") = "Refrigerator", "Refrigerator\Refrigerator.csproj", "{FEC88E14-521B-475A-AB3E-0788BA4AF1EC}"
EndProject
Global
	GlobalSection(SolutionConfigurationPlatforms) = preSolution
		Debug|Any CPU = Debug|Any CPU
		Release|Any CPU = Release|Any CPU
	EndGlobalSection
	GlobalSection(ProjectConfigurationPlatforms) = postSolution
		{FEC88E14-521B-475A-AB3E-0788BA4AF1EC}.Debug|Any CPU.ActiveCfg = Debug|Any CPU
		{FEC88E14-521B-475A-AB3E-0788BA4AF1EC}.Debug|Any CPU.Build.0 = Debug|Any CPU
		{FEC88E14-521B-475A-AB3E-0788BA4AF1EC}.Release|Any CPU.ActiveCfg = Release|Any CPU
		{FEC88E14-521B-475A-AB3E-0788BA4AF1EC}.Release|Any CPU.Build.0 = Release|Any CPU
	EndGlobalSection
	GlobalSection(SolutionProperties) = preSolution
		HideSolutionNode = FALSE
	EndGlobalSection
	GlobalSection(ExtensibilityGlobals) = postSolution
		SolutionGuid = {4AA76C07-734E-4835-94E4-EEF921058D0C}
	EndGlobalSection
EndGlobal
